
Microsoft Visual Studio Solution File, Format Version 12.00
# Visual Studio 15
VisualStudioVersion = 15.0.28307.572
MinimumVisualStudioVersion = 10.0.40219.1
Project("{8BC9CEB8-8B4A-11D0-8D11-00A0C91BC942}") = "模板进阶", "模板进阶\模板进阶.vcxproj", "{DFE4878E-945B-499A-9F02-45DB29D5F481}"
EndProject
Global
	GlobalSection(SolutionConfigurationPlatforms) = preSolution
		Debug|x64 = Debug|x64
		Debug|x86 = Debug|x86
		Release|x64 = Release|x64
		Release|x86 = Release|x86
	EndGlobalSection
	GlobalSection(ProjectConfigurationPlatforms) = postSolution
		{DFE4878E-945B-499A-9F02-45DB29D5F481}.Debug|x64.ActiveCfg = Debug|x64
		{DFE4878E-945B-499A-9F02-45DB29D5F481}.Debug|x64.Build.0 = Debug|x64
		{DFE4878E-945B-499A-9F02-45DB29D5F481}.Debug|x86.ActiveCfg = Debug|Win32
		{DFE4878E-945B-499A-9F02-45DB29D5F481}.Debug|x86.Build.0 = Debug|Win32
		{DFE4878E-945B-499A-9F02-45DB29D5F481}.Release|x64.ActiveCfg = Release|x64
		{DFE4878E-945B-499A-9F02-45DB29D5F481}.Release|x64.Build.0 = Release|x64
		{DFE4878E-945B-499A-9F02-45DB29D5F481}.Release|x86.ActiveCfg = Release|Win32
		{DFE4878E-945B-499A-9F02-45DB29D5F481}.Release|x86.Build.0 = Release|Win32
	EndGlobalSection
	GlobalSection(SolutionProperties) = preSolution
		HideSolutionNode = FALSE
	EndGlobalSection
	GlobalSection(ExtensibilityGlobals) = postSolution
		SolutionGuid = {DFE91FE1-74CD-4F55-A66B-198830C15B28}
	EndGlobalSection
EndGlobal
