
Microsoft Visual Studio Solution File, Format Version 12.00
# Visual Studio 15
VisualStudioVersion = 15.0.28307.572
MinimumVisualStudioVersion = 10.0.40219.1
Project("{8BC9CEB8-8B4A-11D0-8D11-00A0C91BC942}") = "5.13", "5.13\5.13.vcxproj", "{878526B6-5DB2-4D6F-AA90-64CD8EAC2EC6}"
EndProject
Global
	GlobalSection(SolutionConfigurationPlatforms) = preSolution
		Debug|x64 = Debug|x64
		Debug|x86 = Debug|x86
		Release|x64 = Release|x64
		Release|x86 = Release|x86
	EndGlobalSection
	GlobalSection(ProjectConfigurationPlatforms) = postSolution
		{878526B6-5DB2-4D6F-AA90-64CD8EAC2EC6}.Debug|x64.ActiveCfg = Debug|x64
		{878526B6-5DB2-4D6F-AA90-64CD8EAC2EC6}.Debug|x64.Build.0 = Debug|x64
		{878526B6-5DB2-4D6F-AA90-64CD8EAC2EC6}.Debug|x86.ActiveCfg = Debug|Win32
		{878526B6-5DB2-4D6F-AA90-64CD8EAC2EC6}.Debug|x86.Build.0 = Debug|Win32
		{878526B6-5DB2-4D6F-AA90-64CD8EAC2EC6}.Release|x64.ActiveCfg = Release|x64
		{878526B6-5DB2-4D6F-AA90-64CD8EAC2EC6}.Release|x64.Build.0 = Release|x64
		{878526B6-5DB2-4D6F-AA90-64CD8EAC2EC6}.Release|x86.ActiveCfg = Release|Win32
		{878526B6-5DB2-4D6F-AA90-64CD8EAC2EC6}.Release|x86.Build.0 = Release|Win32
	EndGlobalSection
	GlobalSection(SolutionProperties) = preSolution
		HideSolutionNode = FALSE
	EndGlobalSection
	GlobalSection(ExtensibilityGlobals) = postSolution
		SolutionGuid = {3B89A68A-B41E-4EE7-84AF-91215DAF1CDE}
	EndGlobalSection
EndGlobal
