
Microsoft Visual Studio Solution File, Format Version 12.00
# Visual Studio 15
VisualStudioVersion = 15.0.28307.572
MinimumVisualStudioVersion = 10.0.40219.1
Project("{8BC9CEB8-8B4A-11D0-8D11-00A0C91BC942}") = "5.27", "5.27\5.27.vcxproj", "{2BA471F3-371D-4F16-B7C5-CC8E7DB25CD4}"
EndProject
Global
	GlobalSection(SolutionConfigurationPlatforms) = preSolution
		Debug|x64 = Debug|x64
		Debug|x86 = Debug|x86
		Release|x64 = Release|x64
		Release|x86 = Release|x86
	EndGlobalSection
	GlobalSection(ProjectConfigurationPlatforms) = postSolution
		{2BA471F3-371D-4F16-B7C5-CC8E7DB25CD4}.Debug|x64.ActiveCfg = Debug|x64
		{2BA471F3-371D-4F16-B7C5-CC8E7DB25CD4}.Debug|x64.Build.0 = Debug|x64
		{2BA471F3-371D-4F16-B7C5-CC8E7DB25CD4}.Debug|x86.ActiveCfg = Debug|Win32
		{2BA471F3-371D-4F16-B7C5-CC8E7DB25CD4}.Debug|x86.Build.0 = Debug|Win32
		{2BA471F3-371D-4F16-B7C5-CC8E7DB25CD4}.Release|x64.ActiveCfg = Release|x64
		{2BA471F3-371D-4F16-B7C5-CC8E7DB25CD4}.Release|x64.Build.0 = Release|x64
		{2BA471F3-371D-4F16-B7C5-CC8E7DB25CD4}.Release|x86.ActiveCfg = Release|Win32
		{2BA471F3-371D-4F16-B7C5-CC8E7DB25CD4}.Release|x86.Build.0 = Release|Win32
	EndGlobalSection
	GlobalSection(SolutionProperties) = preSolution
		HideSolutionNode = FALSE
	EndGlobalSection
	GlobalSection(ExtensibilityGlobals) = postSolution
		SolutionGuid = {697D3001-E410-40B3-8E49-4B237FDB7053}
	EndGlobalSection
EndGlobal
