
Microsoft Visual Studio Solution File, Format Version 12.00
# Visual Studio 15
VisualStudioVersion = 15.0.28307.572
MinimumVisualStudioVersion = 10.0.40219.1
Project("{8BC9CEB8-8B4A-11D0-8D11-00A0C91BC942}") = "7.9", "7.9\7.9.vcxproj", "{43CC2C24-A236-43E3-9C51-E8C0601DCCEC}"
EndProject
Global
	GlobalSection(SolutionConfigurationPlatforms) = preSolution
		Debug|x64 = Debug|x64
		Debug|x86 = Debug|x86
		Release|x64 = Release|x64
		Release|x86 = Release|x86
	EndGlobalSection
	GlobalSection(ProjectConfigurationPlatforms) = postSolution
		{43CC2C24-A236-43E3-9C51-E8C0601DCCEC}.Debug|x64.ActiveCfg = Debug|x64
		{43CC2C24-A236-43E3-9C51-E8C0601DCCEC}.Debug|x64.Build.0 = Debug|x64
		{43CC2C24-A236-43E3-9C51-E8C0601DCCEC}.Debug|x86.ActiveCfg = Debug|Win32
		{43CC2C24-A236-43E3-9C51-E8C0601DCCEC}.Debug|x86.Build.0 = Debug|Win32
		{43CC2C24-A236-43E3-9C51-E8C0601DCCEC}.Release|x64.ActiveCfg = Release|x64
		{43CC2C24-A236-43E3-9C51-E8C0601DCCEC}.Release|x64.Build.0 = Release|x64
		{43CC2C24-A236-43E3-9C51-E8C0601DCCEC}.Release|x86.ActiveCfg = Release|Win32
		{43CC2C24-A236-43E3-9C51-E8C0601DCCEC}.Release|x86.Build.0 = Release|Win32
	EndGlobalSection
	GlobalSection(SolutionProperties) = preSolution
		HideSolutionNode = FALSE
	EndGlobalSection
	GlobalSection(ExtensibilityGlobals) = postSolution
		SolutionGuid = {CCF21A0E-BBBE-40BD-9BE9-98975D13133A}
	EndGlobalSection
EndGlobal
