
Microsoft Visual Studio Solution File, Format Version 12.00
# Visual Studio 15
VisualStudioVersion = 15.0.28307.572
MinimumVisualStudioVersion = 10.0.40219.1
Project("{8BC9CEB8-8B4A-11D0-8D11-00A0C91BC942}") = "5.8", "5.8\5.8.vcxproj", "{588F2E51-2E74-423D-9474-50605050C107}"
EndProject
Global
	GlobalSection(SolutionConfigurationPlatforms) = preSolution
		Debug|x64 = Debug|x64
		Debug|x86 = Debug|x86
		Release|x64 = Release|x64
		Release|x86 = Release|x86
	EndGlobalSection
	GlobalSection(ProjectConfigurationPlatforms) = postSolution
		{588F2E51-2E74-423D-9474-50605050C107}.Debug|x64.ActiveCfg = Debug|x64
		{588F2E51-2E74-423D-9474-50605050C107}.Debug|x64.Build.0 = Debug|x64
		{588F2E51-2E74-423D-9474-50605050C107}.Debug|x86.ActiveCfg = Debug|Win32
		{588F2E51-2E74-423D-9474-50605050C107}.Debug|x86.Build.0 = Debug|Win32
		{588F2E51-2E74-423D-9474-50605050C107}.Release|x64.ActiveCfg = Release|x64
		{588F2E51-2E74-423D-9474-50605050C107}.Release|x64.Build.0 = Release|x64
		{588F2E51-2E74-423D-9474-50605050C107}.Release|x86.ActiveCfg = Release|Win32
		{588F2E51-2E74-423D-9474-50605050C107}.Release|x86.Build.0 = Release|Win32
	EndGlobalSection
	GlobalSection(SolutionProperties) = preSolution
		HideSolutionNode = FALSE
	EndGlobalSection
	GlobalSection(ExtensibilityGlobals) = postSolution
		SolutionGuid = {921235F5-4000-4388-B7DE-9D013EEF59E3}
	EndGlobalSection
EndGlobal
