
Microsoft Visual Studio Solution File, Format Version 12.00
# Visual Studio 15
VisualStudioVersion = 15.0.28307.572
MinimumVisualStudioVersion = 10.0.40219.1
Project("{8BC9CEB8-8B4A-11D0-8D11-00A0C91BC942}") = "EEPROM", "EEPROM\EEPROM.vcxproj", "{B2EE6A0F-3C7D-4E57-880A-BABA63C32FAD}"
EndProject
Global
	GlobalSection(SolutionConfigurationPlatforms) = preSolution
		Debug|x64 = Debug|x64
		Debug|x86 = Debug|x86
		Release|x64 = Release|x64
		Release|x86 = Release|x86
	EndGlobalSection
	GlobalSection(ProjectConfigurationPlatforms) = postSolution
		{B2EE6A0F-3C7D-4E57-880A-BABA63C32FAD}.Debug|x64.ActiveCfg = Debug|x64
		{B2EE6A0F-3C7D-4E57-880A-BABA63C32FAD}.Debug|x64.Build.0 = Debug|x64
		{B2EE6A0F-3C7D-4E57-880A-BABA63C32FAD}.Debug|x86.ActiveCfg = Debug|Win32
		{B2EE6A0F-3C7D-4E57-880A-BABA63C32FAD}.Debug|x86.Build.0 = Debug|Win32
		{B2EE6A0F-3C7D-4E57-880A-BABA63C32FAD}.Release|x64.ActiveCfg = Release|x64
		{B2EE6A0F-3C7D-4E57-880A-BABA63C32FAD}.Release|x64.Build.0 = Release|x64
		{B2EE6A0F-3C7D-4E57-880A-BABA63C32FAD}.Release|x86.ActiveCfg = Release|Win32
		{B2EE6A0F-3C7D-4E57-880A-BABA63C32FAD}.Release|x86.Build.0 = Release|Win32
	EndGlobalSection
	GlobalSection(SolutionProperties) = preSolution
		HideSolutionNode = FALSE
	EndGlobalSection
	GlobalSection(ExtensibilityGlobals) = postSolution
		SolutionGuid = {D934D20D-7DCB-499C-9CF3-46D150C82DD1}
	EndGlobalSection
EndGlobal
