
Microsoft Visual Studio Solution File, Format Version 12.00
# Visual Studio 15
VisualStudioVersion = 15.0.28307.572
MinimumVisualStudioVersion = 10.0.40219.1
Project("{8BC9CEB8-8B4A-11D0-8D11-00A0C91BC942}") = "6.9", "6.9\6.9.vcxproj", "{EAB3289D-09CD-44B4-AED9-14A26710109D}"
EndProject
Global
	GlobalSection(SolutionConfigurationPlatforms) = preSolution
		Debug|x64 = Debug|x64
		Debug|x86 = Debug|x86
		Release|x64 = Release|x64
		Release|x86 = Release|x86
	EndGlobalSection
	GlobalSection(ProjectConfigurationPlatforms) = postSolution
		{EAB3289D-09CD-44B4-AED9-14A26710109D}.Debug|x64.ActiveCfg = Debug|x64
		{EAB3289D-09CD-44B4-AED9-14A26710109D}.Debug|x64.Build.0 = Debug|x64
		{EAB3289D-09CD-44B4-AED9-14A26710109D}.Debug|x86.ActiveCfg = Debug|Win32
		{EAB3289D-09CD-44B4-AED9-14A26710109D}.Debug|x86.Build.0 = Debug|Win32
		{EAB3289D-09CD-44B4-AED9-14A26710109D}.Release|x64.ActiveCfg = Release|x64
		{EAB3289D-09CD-44B4-AED9-14A26710109D}.Release|x64.Build.0 = Release|x64
		{EAB3289D-09CD-44B4-AED9-14A26710109D}.Release|x86.ActiveCfg = Release|Win32
		{EAB3289D-09CD-44B4-AED9-14A26710109D}.Release|x86.Build.0 = Release|Win32
	EndGlobalSection
	GlobalSection(SolutionProperties) = preSolution
		HideSolutionNode = FALSE
	EndGlobalSection
	GlobalSection(ExtensibilityGlobals) = postSolution
		SolutionGuid = {6ACDCB6F-3C05-42ED-BB2D-F62D84769632}
	EndGlobalSection
EndGlobal
